
Microsoft Visual Studio Solution File, Format Version 12.00
# Visual Studio 15
VisualStudioVersion = 15.0.27004.2009
MinimumVisualStudioVersion = 10.0.40219.1
Project("{FAE04EC0-301F-11D3-BF4B-00C04F79EFBC}") = "ShopSampleAuto", "ShopSampleAuto\ShopSampleAuto.csproj", "{7117ABA4-5D1F-4BE4-AF6A-A74C5E63F0B7}"
EndProject
Global
	GlobalSection(SolutionConfigurationPlatforms) = preSolution
		Debug|Any CPU = Debug|Any CPU
		Release|Any CPU = Release|Any CPU
	EndGlobalSection
	GlobalSection(ProjectConfigurationPlatforms) = postSolution
		{7117ABA4-5D1F-4BE4-AF6A-A74C5E63F0B7}.Debug|Any CPU.ActiveCfg = Debug|Any CPU
		{7117ABA4-5D1F-4BE4-AF6A-A74C5E63F0B7}.Debug|Any CPU.Build.0 = Debug|Any CPU
		{7117ABA4-5D1F-4BE4-AF6A-A74C5E63F0B7}.Release|Any CPU.ActiveCfg = Release|Any CPU
		{7117ABA4-5D1F-4BE4-AF6A-A74C5E63F0B7}.Release|Any CPU.Build.0 = Release|Any CPU
	EndGlobalSection
	GlobalSection(SolutionProperties) = preSolution
		HideSolutionNode = FALSE
	EndGlobalSection
	GlobalSection(ExtensibilityGlobals) = postSolution
		SolutionGuid = {7450B4D2-4E3E-4F76-87F2-0F5E6AB484B0}
	EndGlobalSection
EndGlobal
